{
  "version": 4,
  "terraform_version": "0.12.18",
  "serial": 5,
  "lineage": "4088b50f-ed4d-490a-df8b-18b11cdc1a67",
  "outputs": {},
  "resources": [
    {
      "mode": "managed",
      "type": "aws_vpc",
      "name": "myvpc",
      "provider": "provider.aws",
      "instances": [
        {
          "schema_version": 1,
          "attributes": {
            "arn": "arn:aws:ec2:us-east-1:164549288284:vpc/vpc-01cb4e9b8221b0224",
            "assign_generated_ipv6_cidr_block": false,
            "cidr_block": "10.0.0.0/16",
            "default_network_acl_id": "acl-0f1992b293fc44b3d",
            "default_route_table_id": "rtb-0c0a9a12cc8535ec2",
            "default_security_group_id": "sg-080370cb5236e0e8c",
            "dhcp_options_id": "dopt-ed254b97",
            "enable_classiclink": false,
            "enable_classiclink_dns_support": false,
            "enable_dns_hostnames": false,
            "enable_dns_support": true,
            "id": "vpc-01cb4e9b8221b0224",
            "instance_tenancy": "default",
            "ipv6_association_id": "",
            "ipv6_cidr_block": "",
            "main_route_table_id": "rtb-0c0a9a12cc8535ec2",
            "owner_id": "164549288284",
            "tags": null
          },
          "private": "eyJzY2hlbWFfdmVyc2lvbiI6IjEifQ=="
        }
      ]
    }
  ]
}
