{
  "version": 4,
  "terraform_version": "0.12.18",
  "serial": 9,
  "lineage": "40bd1425-9848-aba5-f30d-435550529425",
  "outputs": {},
  "resources": [
    {
      "mode": "managed",
      "type": "aws_vpc",
      "name": "challenge1vpc",
      "provider": "provider.aws",
      "instances": [
        {
          "schema_version": 1,
          "attributes": {
            "arn": "arn:aws:ec2:us-east-1:164549288284:vpc/vpc-0f16f7dd1d29d808c",
            "assign_generated_ipv6_cidr_block": false,
            "cidr_block": "192.168.0.0/24",
            "default_network_acl_id": "acl-09ca4cac38cbf1648",
            "default_route_table_id": "rtb-03e488024f5f998c1",
            "default_security_group_id": "sg-051a49a575d1407f5",
            "dhcp_options_id": "dopt-ed254b97",
            "enable_classiclink": false,
            "enable_classiclink_dns_support": false,
            "enable_dns_hostnames": false,
            "enable_dns_support": true,
            "id": "vpc-0f16f7dd1d29d808c",
            "instance_tenancy": "default",
            "ipv6_association_id": "",
            "ipv6_cidr_block": "",
            "main_route_table_id": "rtb-03e488024f5f998c1",
            "owner_id": "164549288284",
            "tags": {
              "Name": "TerraformVPC"
            }
          },
          "private": "eyJzY2hlbWFfdmVyc2lvbiI6IjEifQ=="
        }
      ]
    }
  ]
}
